// !$*UTF8*$!
{
	archiveVersion = 1;
	classes = {
	};
	objectVersion = 46;
	objects = {

/* Begin PBXBuildFile section */
		1F0E88E21D7EDE84000A85E1 /* AVTableViewCell.m in Sources */ = {isa = PBXBuildFile; fileRef = 1F0E88E11D7EDE84000A85E1 /* AVTableViewCell.m */; };
		1F0E88EE1D7EF0AB000A85E1 /* AVUser.m in Sources */ = {isa = PBXBuildFile; fileRef = 1F0E88ED1D7EF0AB000A85E1 /* AVUser.m */; };
		1F0E88FC1D7EF7F9000A85E1 /* AVAlphabet.m in Sources */ = {isa = PBXBuildFile; fileRef = 1F0E88F41D7EF7F9000A85E1 /* AVAlphabet.m */; };
		1F0E88FD1D7EF7F9000A85E1 /* AVClusterAlphabet.m in Sources */ = {isa = PBXBuildFile; fileRef = 1F0E88F71D7EF7F9000A85E1 /* AVClusterAlphabet.m */; };
		1F0E88FE1D7EF7F9000A85E1 /* AVRangeAlphabet.m in Sources */ = {isa = PBXBuildFile; fileRef = 1F0E88F91D7EF7F9000A85E1 /* AVRangeAlphabet.m */; };
		1F0E88FF1D7EF7F9000A85E1 /* AVStringsAlphabet.m in Sources */ = {isa = PBXBuildFile; fileRef = 1F0E88FB1D7EF7F9000A85E1 /* AVStringsAlphabet.m */; };
		1F0E89031D7EF828000A85E1 /* AVRandom.m in Sources */ = {isa = PBXBuildFile; fileRef = 1F0E89021D7EF828000A85E1 /* AVRandom.m */; };
		1F0E890B1D7EFAEF000A85E1 /* Assets.xcassets in Resources */ = {isa = PBXBuildFile; fileRef = 1F0E89051D7EFAEF000A85E1 /* Assets.xcassets */; };
		1F0E890C1D7EFAEF000A85E1 /* LaunchScreen.storyboard in Resources */ = {isa = PBXBuildFile; fileRef = 1F0E89071D7EFAEF000A85E1 /* LaunchScreen.storyboard */; };
		1F0E890D1D7EFAEF000A85E1 /* Main.storyboard in Resources */ = {isa = PBXBuildFile; fileRef = 1F0E89091D7EFAEF000A85E1 /* Main.storyboard */; };
		1F0E89101D7EFBD0000A85E1 /* userImage.png in Resources */ = {isa = PBXBuildFile; fileRef = 1F0E890F1D7EFBD0000A85E1 /* userImage.png */; };
		1F2102101D915C7D00B05D6E /* NSArray+AVExtensions.m in Sources */ = {isa = PBXBuildFile; fileRef = 1F2101FA1D915C7D00B05D6E /* NSArray+AVExtensions.m */; };
		1F2102111D915C7D00B05D6E /* NSBundle+AVExtensions.m in Sources */ = {isa = PBXBuildFile; fileRef = 1F2101FD1D915C7D00B05D6E /* NSBundle+AVExtensions.m */; };
		1F2102121D915C7D00B05D6E /* NSString+AVExtensions.m in Sources */ = {isa = PBXBuildFile; fileRef = 1F2102001D915C7D00B05D6E /* NSString+AVExtensions.m */; };
		1F2102131D915C7D00B05D6E /* NSString+AVRandomName.m in Sources */ = {isa = PBXBuildFile; fileRef = 1F2102031D915C7D00B05D6E /* NSString+AVRandomName.m */; };
		1F2102141D915C7D00B05D6E /* UINib+AVExtensions.m in Sources */ = {isa = PBXBuildFile; fileRef = 1F2102061D915C7D00B05D6E /* UINib+AVExtensions.m */; };
		1F2102151D915C7D00B05D6E /* UITableView+AVExtensions.m in Sources */ = {isa = PBXBuildFile; fileRef = 1F2102091D915C7D00B05D6E /* UITableView+AVExtensions.m */; };
		1F2102161D915C7D00B05D6E /* UIViewController+AVExtensions.m in Sources */ = {isa = PBXBuildFile; fileRef = 1F21020C1D915C7D00B05D6E /* UIViewController+AVExtensions.m */; };
		1F2102171D915C7D00B05D6E /* UIWindow+AVExtensions.m in Sources */ = {isa = PBXBuildFile; fileRef = 1F21020F1D915C7D00B05D6E /* UIWindow+AVExtensions.m */; };
		1F2B57CC1D7057D70026A944 /* main.m in Sources */ = {isa = PBXBuildFile; fileRef = 1F2B57CB1D7057D70026A944 /* main.m */; };
		1F2B57CF1D7057D70026A944 /* AppDelegate.m in Sources */ = {isa = PBXBuildFile; fileRef = 1F2B57CE1D7057D70026A944 /* AppDelegate.m */; };
		1F2B57E51D7057D70026A944 /* iOSProjectTests.m in Sources */ = {isa = PBXBuildFile; fileRef = 1F2B57E41D7057D70026A944 /* iOSProjectTests.m */; };
		1F2B57F01D7057D70026A944 /* iOSProjectUITests.m in Sources */ = {isa = PBXBuildFile; fileRef = 1F2B57EF1D7057D70026A944 /* iOSProjectUITests.m */; };
		1F397DC01DA3C6A000AE8272 /* AVArrayChangesObject+UITableView.m in Sources */ = {isa = PBXBuildFile; fileRef = 1F397DBF1DA3C6A000AE8272 /* AVArrayChangesObject+UITableView.m */; };
		1F397DC31DA3C6D600AE8272 /* AVArrayChangesObject+AVArrayModel.m in Sources */ = {isa = PBXBuildFile; fileRef = 1F397DC21DA3C6D600AE8272 /* AVArrayChangesObject+AVArrayModel.m */; };
		1F53F4571D9E9BB800E91BC7 /* AVArrayChangesObject.m in Sources */ = {isa = PBXBuildFile; fileRef = 1F53F4561D9E9BB800E91BC7 /* AVArrayChangesObject.m */; };
		1F6AE9DD1D9AD23000B43386 /* AVArrayOneIndexChangesObject.m in Sources */ = {isa = PBXBuildFile; fileRef = 1F6AE9DA1D9AD23000B43386 /* AVArrayOneIndexChangesObject.m */; };
		1F6AE9DE1D9AD23000B43386 /* AVArrayTwoIndexesChangesObject.m in Sources */ = {isa = PBXBuildFile; fileRef = 1F6AE9DC1D9AD23000B43386 /* AVArrayTwoIndexesChangesObject.m */; };
		1F6AE9E51D9E31D300B43386 /* NSObject+AVExtensions.m in Sources */ = {isa = PBXBuildFile; fileRef = 1F6AE9E41D9E31D300B43386 /* NSObject+AVExtensions.m */; };
		1F9B27F51D8AD906003C2223 /* AVSortingArrayModel.m in Sources */ = {isa = PBXBuildFile; fileRef = 1F9B27F41D8AD906003C2223 /* AVSortingArrayModel.m */; };
		1FA16A1E1D95562400F7C27E /* NSMutableArray+AVExtensions.m in Sources */ = {isa = PBXBuildFile; fileRef = 1FA16A1D1D95562400F7C27E /* NSMutableArray+AVExtensions.m */; };
		1FAF90C01DA5304300DFB062 /* AVUsersSortingArrayModel.m in Sources */ = {isa = PBXBuildFile; fileRef = 1FAF90BF1DA5304300DFB062 /* AVUsersSortingArrayModel.m */; };
		1FCAA6461D86FD9B00708B7B /* AVArrayModel.m in Sources */ = {isa = PBXBuildFile; fileRef = 1FCAA6451D86FD9A00708B7B /* AVArrayModel.m */; };
		1FCAA64A1D8714E700708B7B /* AVUsers.m in Sources */ = {isa = PBXBuildFile; fileRef = 1FCAA6491D8714E700708B7B /* AVUsers.m */; };
		1FE14A961D7FEE37005D42AA /* AVImageModel.m in Sources */ = {isa = PBXBuildFile; fileRef = 1FE14A951D7FEE37005D42AA /* AVImageModel.m */; };
		1FE14A9A1D800ACD005D42AA /* AVObservableObject.m in Sources */ = {isa = PBXBuildFile; fileRef = 1FE14A991D800ACD005D42AA /* AVObservableObject.m */; };
		1FE14A9E1D801DA4005D42AA /* AVImageModelDispatcher.m in Sources */ = {isa = PBXBuildFile; fileRef = 1FE14A9D1D801DA4005D42AA /* AVImageModelDispatcher.m */; };
		1FE14ABF1D8054A6005D42AA /* AVSquareMovingView.m in Sources */ = {isa = PBXBuildFile; fileRef = 1FE14AA31D8054A6005D42AA /* AVSquareMovingView.m */; };
		1FE14AC01D8054A6005D42AA /* AVSquareMovingViewController.m in Sources */ = {isa = PBXBuildFile; fileRef = 1FE14AA51D8054A6005D42AA /* AVSquareMovingViewController.m */; };
		1FE14AC11D8054A6005D42AA /* AVSquareMovingViewController.xib in Resources */ = {isa = PBXBuildFile; fileRef = 1FE14AA61D8054A6005D42AA /* AVSquareMovingViewController.xib */; };
		1FE14AC21D8054A6005D42AA /* AVSquareView.m in Sources */ = {isa = PBXBuildFile; fileRef = 1FE14AA91D8054A6005D42AA /* AVSquareView.m */; };
		1FE14AC31D8054A6005D42AA /* AVUsersView.m in Sources */ = {isa = PBXBuildFile; fileRef = 1FE14AAC1D8054A6005D42AA /* AVUsersView.m */; };
		1FE14AC41D8054A6005D42AA /* AVUsersViewController.m in Sources */ = {isa = PBXBuildFile; fileRef = 1FE14AAE1D8054A6005D42AA /* AVUsersViewController.m */; };
		1FE14AC51D8054A6005D42AA /* AVUsersViewController.xib in Resources */ = {isa = PBXBuildFile; fileRef = 1FE14AAF1D8054A6005D42AA /* AVUsersViewController.xib */; };
		1FE14AC61D8054A6005D42AA /* AVUserCell.m in Sources */ = {isa = PBXBuildFile; fileRef = 1FE14AB31D8054A6005D42AA /* AVUserCell.m */; };
		1FE14AC71D8054A6005D42AA /* AVUserCell.xib in Resources */ = {isa = PBXBuildFile; fileRef = 1FE14AB41D8054A6005D42AA /* AVUserCell.xib */; };
		1FE14AC81D8054A6005D42AA /* AVDraggableView.m in Sources */ = {isa = PBXBuildFile; fileRef = 1FE14AB71D8054A6005D42AA /* AVDraggableView.m */; };
		1FE14AC91D8054A6005D42AA /* AVLabelView.m in Sources */ = {isa = PBXBuildFile; fileRef = 1FE14AB91D8054A6005D42AA /* AVLabelView.m */; };
		1FE14ACA1D8054A6005D42AA /* ViewController.m in Sources */ = {isa = PBXBuildFile; fileRef = 1FE14ABB1D8054A6005D42AA /* ViewController.m */; };
		1FE14ACB1D8054A6005D42AA /* ViewController.xib in Resources */ = {isa = PBXBuildFile; fileRef = 1FE14ABC1D8054A6005D42AA /* ViewController.xib */; };
		1FE14ACE1D8054E3005D42AA /* AVImageView.m in Sources */ = {isa = PBXBuildFile; fileRef = 1FE14ACD1D8054E3005D42AA /* AVImageView.m */; };
/* End PBXBuildFile section */

/* Begin PBXContainerItemProxy section */
		1F2B57E11D7057D70026A944 /* PBXContainerItemProxy */ = {
			isa = PBXContainerItemProxy;
			containerPortal = 1F2B57BF1D7057D70026A944 /* Project object */;
			proxyType = 1;
			remoteGlobalIDString = 1F2B57C61D7057D70026A944;
			remoteInfo = iOSProject;
		};
		1F2B57EC1D7057D70026A944 /* PBXContainerItemProxy */ = {
			isa = PBXContainerItemProxy;
			containerPortal = 1F2B57BF1D7057D70026A944 /* Project object */;
			proxyType = 1;
			remoteGlobalIDString = 1F2B57C61D7057D70026A944;
			remoteInfo = iOSProject;
		};
/* End PBXContainerItemProxy section */

/* Begin PBXFileReference section */
		1F0E88DB1D7ECFA5000A85E1 /* AVSwitchCaseMacro.h */ = {isa = PBXFileReference; fileEncoding = 4; lastKnownFileType = sourcecode.c.h; path = AVSwitchCaseMacro.h; sourceTree = "<group>"; };
		1F0E88DC1D7ECFD6000A85E1 /* AVCGRectMacro.h */ = {isa = PBXFileReference; fileEncoding = 4; lastKnownFileType = sourcecode.c.h; path = AVCGRectMacro.h; sourceTree = "<group>"; };
		1F0E88DD1D7ED07B000A85E1 /* AVRootViewMacro.h */ = {isa = PBXFileReference; fileEncoding = 4; lastKnownFileType = sourcecode.c.h; path = AVRootViewMacro.h; sourceTree = "<group>"; };
		1F0E88E01D7EDE84000A85E1 /* AVTableViewCell.h */ = {isa = PBXFileReference; fileEncoding = 4; lastKnownFileType = sourcecode.c.h; path = AVTableViewCell.h; sourceTree = "<group>"; };
		1F0E88E11D7EDE84000A85E1 /* AVTableViewCell.m */ = {isa = PBXFileReference; fileEncoding = 4; lastKnownFileType = sourcecode.c.objc; path = AVTableViewCell.m; sourceTree = "<group>"; };
		1F0E88EC1D7EF0AB000A85E1 /* AVUser.h */ = {isa = PBXFileReference; fileEncoding = 4; lastKnownFileType = sourcecode.c.h; path = AVUser.h; sourceTree = "<group>"; };
		1F0E88ED1D7EF0AB000A85E1 /* AVUser.m */ = {isa = PBXFileReference; fileEncoding = 4; lastKnownFileType = sourcecode.c.objc; path = AVUser.m; sourceTree = "<group>"; };
		1F0E88F31D7EF7F9000A85E1 /* AVAlphabet.h */ = {isa = PBXFileReference; fileEncoding = 4; lastKnownFileType = sourcecode.c.h; path = AVAlphabet.h; sourceTree = "<group>"; };
		1F0E88F41D7EF7F9000A85E1 /* AVAlphabet.m */ = {isa = PBXFileReference; fileEncoding = 4; lastKnownFileType = sourcecode.c.objc; path = AVAlphabet.m; sourceTree = "<group>"; };
		1F0E88F61D7EF7F9000A85E1 /* AVClusterAlphabet.h */ = {isa = PBXFileReference; fileEncoding = 4; lastKnownFileType = sourcecode.c.h; path = AVClusterAlphabet.h; sourceTree = "<group>"; };
		1F0E88F71D7EF7F9000A85E1 /* AVClusterAlphabet.m */ = {isa = PBXFileReference; fileEncoding = 4; lastKnownFileType = sourcecode.c.objc; path = AVClusterAlphabet.m; sourceTree = "<group>"; };
		1F0E88F81D7EF7F9000A85E1 /* AVRangeAlphabet.h */ = {isa = PBXFileReference; fileEncoding = 4; lastKnownFileType = sourcecode.c.h; path = AVRangeAlphabet.h; sourceTree = "<group>"; };
		1F0E88F91D7EF7F9000A85E1 /* AVRangeAlphabet.m */ = {isa = PBXFileReference; fileEncoding = 4; lastKnownFileType = sourcecode.c.objc; path = AVRangeAlphabet.m; sourceTree = "<group>"; };
		1F0E88FA1D7EF7F9000A85E1 /* AVStringsAlphabet.h */ = {isa = PBXFileReference; fileEncoding = 4; lastKnownFileType = sourcecode.c.h; path = AVStringsAlphabet.h; sourceTree = "<group>"; };
		1F0E88FB1D7EF7F9000A85E1 /* AVStringsAlphabet.m */ = {isa = PBXFileReference; fileEncoding = 4; lastKnownFileType = sourcecode.c.objc; path = AVStringsAlphabet.m; sourceTree = "<group>"; };
		1F0E89011D7EF828000A85E1 /* AVRandom.h */ = {isa = PBXFileReference; fileEncoding = 4; lastKnownFileType = sourcecode.c.h; path = AVRandom.h; sourceTree = "<group>"; };
		1F0E89021D7EF828000A85E1 /* AVRandom.m */ = {isa = PBXFileReference; fileEncoding = 4; lastKnownFileType = sourcecode.c.objc; path = AVRandom.m; sourceTree = "<group>"; };
		1F0E89051D7EFAEF000A85E1 /* Assets.xcassets */ = {isa = PBXFileReference; lastKnownFileType = folder.assetcatalog; path = Assets.xcassets; sourceTree = "<group>"; };
		1F0E89081D7EFAEF000A85E1 /* Base */ = {isa = PBXFileReference; lastKnownFileType = file.storyboard; name = Base; path = LaunchScreen.storyboard; sourceTree = "<group>"; };
		1F0E890A1D7EFAEF000A85E1 /* Base */ = {isa = PBXFileReference; lastKnownFileType = file.storyboard; name = Base; path = Main.storyboard; sourceTree = "<group>"; };
		1F0E890F1D7EFBD0000A85E1 /* userImage.png */ = {isa = PBXFileReference; lastKnownFileType = image.png; path = userImage.png; sourceTree = "<group>"; };
		1F2101F91D915C7D00B05D6E /* NSArray+AVExtensions.h */ = {isa = PBXFileReference; fileEncoding = 4; lastKnownFileType = sourcecode.c.h; path = "NSArray+AVExtensions.h"; sourceTree = "<group>"; };
		1F2101FA1D915C7D00B05D6E /* NSArray+AVExtensions.m */ = {isa = PBXFileReference; fileEncoding = 4; lastKnownFileType = sourcecode.c.objc; path = "NSArray+AVExtensions.m"; sourceTree = "<group>"; };
		1F2101FC1D915C7D00B05D6E /* NSBundle+AVExtensions.h */ = {isa = PBXFileReference; fileEncoding = 4; lastKnownFileType = sourcecode.c.h; path = "NSBundle+AVExtensions.h"; sourceTree = "<group>"; };
		1F2101FD1D915C7D00B05D6E /* NSBundle+AVExtensions.m */ = {isa = PBXFileReference; fileEncoding = 4; lastKnownFileType = sourcecode.c.objc; path = "NSBundle+AVExtensions.m"; sourceTree = "<group>"; };
		1F2101FF1D915C7D00B05D6E /* NSString+AVExtensions.h */ = {isa = PBXFileReference; fileEncoding = 4; lastKnownFileType = sourcecode.c.h; path = "NSString+AVExtensions.h"; sourceTree = "<group>"; };
		1F2102001D915C7D00B05D6E /* NSString+AVExtensions.m */ = {isa = PBXFileReference; fileEncoding = 4; lastKnownFileType = sourcecode.c.objc; path = "NSString+AVExtensions.m"; sourceTree = "<group>"; };
		1F2102021D915C7D00B05D6E /* NSString+AVRandomName.h */ = {isa = PBXFileReference; fileEncoding = 4; lastKnownFileType = sourcecode.c.h; path = "NSString+AVRandomName.h"; sourceTree = "<group>"; };
		1F2102031D915C7D00B05D6E /* NSString+AVRandomName.m */ = {isa = PBXFileReference; fileEncoding = 4; lastKnownFileType = sourcecode.c.objc; path = "NSString+AVRandomName.m"; sourceTree = "<group>"; };
		1F2102051D915C7D00B05D6E /* UINib+AVExtensions.h */ = {isa = PBXFileReference; fileEncoding = 4; lastKnownFileType = sourcecode.c.h; path = "UINib+AVExtensions.h"; sourceTree = "<group>"; };
		1F2102061D915C7D00B05D6E /* UINib+AVExtensions.m */ = {isa = PBXFileReference; fileEncoding = 4; lastKnownFileType = sourcecode.c.objc; path = "UINib+AVExtensions.m"; sourceTree = "<group>"; };
		1F2102081D915C7D00B05D6E /* UITableView+AVExtensions.h */ = {isa = PBXFileReference; fileEncoding = 4; lastKnownFileType = sourcecode.c.h; path = "UITableView+AVExtensions.h"; sourceTree = "<group>"; };
		1F2102091D915C7D00B05D6E /* UITableView+AVExtensions.m */ = {isa = PBXFileReference; fileEncoding = 4; lastKnownFileType = sourcecode.c.objc; path = "UITableView+AVExtensions.m"; sourceTree = "<group>"; };
		1F21020B1D915C7D00B05D6E /* UIViewController+AVExtensions.h */ = {isa = PBXFileReference; fileEncoding = 4; lastKnownFileType = sourcecode.c.h; path = "UIViewController+AVExtensions.h"; sourceTree = "<group>"; };
		1F21020C1D915C7D00B05D6E /* UIViewController+AVExtensions.m */ = {isa = PBXFileReference; fileEncoding = 4; lastKnownFileType = sourcecode.c.objc; path = "UIViewController+AVExtensions.m"; sourceTree = "<group>"; };
		1F21020E1D915C7D00B05D6E /* UIWindow+AVExtensions.h */ = {isa = PBXFileReference; fileEncoding = 4; lastKnownFileType = sourcecode.c.h; path = "UIWindow+AVExtensions.h"; sourceTree = "<group>"; };
		1F21020F1D915C7D00B05D6E /* UIWindow+AVExtensions.m */ = {isa = PBXFileReference; fileEncoding = 4; lastKnownFileType = sourcecode.c.objc; path = "UIWindow+AVExtensions.m"; sourceTree = "<group>"; };
		1F2B57C71D7057D70026A944 /* iOSProject.app */ = {isa = PBXFileReference; explicitFileType = wrapper.application; includeInIndex = 0; path = iOSProject.app; sourceTree = BUILT_PRODUCTS_DIR; };
		1F2B57CB1D7057D70026A944 /* main.m */ = {isa = PBXFileReference; lastKnownFileType = sourcecode.c.objc; path = main.m; sourceTree = "<group>"; };
		1F2B57CD1D7057D70026A944 /* AppDelegate.h */ = {isa = PBXFileReference; lastKnownFileType = sourcecode.c.h; path = AppDelegate.h; sourceTree = "<group>"; };
		1F2B57CE1D7057D70026A944 /* AppDelegate.m */ = {isa = PBXFileReference; lastKnownFileType = sourcecode.c.objc; path = AppDelegate.m; sourceTree = "<group>"; };
		1F2B57DB1D7057D70026A944 /* Info.plist */ = {isa = PBXFileReference; lastKnownFileType = text.plist.xml; path = Info.plist; sourceTree = "<group>"; };
		1F2B57E01D7057D70026A944 /* iOSProjectTests.xctest */ = {isa = PBXFileReference; explicitFileType = wrapper.cfbundle; includeInIndex = 0; path = iOSProjectTests.xctest; sourceTree = BUILT_PRODUCTS_DIR; };
		1F2B57E41D7057D70026A944 /* iOSProjectTests.m */ = {isa = PBXFileReference; lastKnownFileType = sourcecode.c.objc; path = iOSProjectTests.m; sourceTree = "<group>"; };
		1F2B57E61D7057D70026A944 /* Info.plist */ = {isa = PBXFileReference; lastKnownFileType = text.plist.xml; path = Info.plist; sourceTree = "<group>"; };
		1F2B57EB1D7057D70026A944 /* iOSProjectUITests.xctest */ = {isa = PBXFileReference; explicitFileType = wrapper.cfbundle; includeInIndex = 0; path = iOSProjectUITests.xctest; sourceTree = BUILT_PRODUCTS_DIR; };
		1F2B57EF1D7057D70026A944 /* iOSProjectUITests.m */ = {isa = PBXFileReference; lastKnownFileType = sourcecode.c.objc; path = iOSProjectUITests.m; sourceTree = "<group>"; };
		1F2B57F11D7057D70026A944 /* Info.plist */ = {isa = PBXFileReference; lastKnownFileType = text.plist.xml; path = Info.plist; sourceTree = "<group>"; };
		1F2B57FD1D70822E0026A944 /* iOS Study Plan.txt */ = {isa = PBXFileReference; lastKnownFileType = text; path = "iOS Study Plan.txt"; sourceTree = "<group>"; };
		1F397DBB1DA2735500AE8272 /* AVBlockMacro.h */ = {isa = PBXFileReference; lastKnownFileType = sourcecode.c.h; path = AVBlockMacro.h; sourceTree = "<group>"; };
		1F397DBE1DA3C6A000AE8272 /* AVArrayChangesObject+UITableView.h */ = {isa = PBXFileReference; fileEncoding = 4; lastKnownFileType = sourcecode.c.h; path = "AVArrayChangesObject+UITableView.h"; sourceTree = "<group>"; };
		1F397DBF1DA3C6A000AE8272 /* AVArrayChangesObject+UITableView.m */ = {isa = PBXFileReference; fileEncoding = 4; lastKnownFileType = sourcecode.c.objc; path = "AVArrayChangesObject+UITableView.m"; sourceTree = "<group>"; };
		1F397DC11DA3C6D600AE8272 /* AVArrayChangesObject+AVArrayModel.h */ = {isa = PBXFileReference; fileEncoding = 4; lastKnownFileType = sourcecode.c.h; path = "AVArrayChangesObject+AVArrayModel.h"; sourceTree = "<group>"; };
		1F397DC21DA3C6D600AE8272 /* AVArrayChangesObject+AVArrayModel.m */ = {isa = PBXFileReference; fileEncoding = 4; lastKnownFileType = sourcecode.c.objc; path = "AVArrayChangesObject+AVArrayModel.m"; sourceTree = "<group>"; };
		1F53F4551D9E9BB800E91BC7 /* AVArrayChangesObject.h */ = {isa = PBXFileReference; fileEncoding = 4; lastKnownFileType = sourcecode.c.h; path = AVArrayChangesObject.h; sourceTree = "<group>"; };
		1F53F4561D9E9BB800E91BC7 /* AVArrayChangesObject.m */ = {isa = PBXFileReference; fileEncoding = 4; lastKnownFileType = sourcecode.c.objc; path = AVArrayChangesObject.m; sourceTree = "<group>"; };
		1F6AE9D91D9AD23000B43386 /* AVArrayOneIndexChangesObject.h */ = {isa = PBXFileReference; fileEncoding = 4; lastKnownFileType = sourcecode.c.h; path = AVArrayOneIndexChangesObject.h; sourceTree = "<group>"; };
		1F6AE9DA1D9AD23000B43386 /* AVArrayOneIndexChangesObject.m */ = {isa = PBXFileReference; fileEncoding = 4; lastKnownFileType = sourcecode.c.objc; path = AVArrayOneIndexChangesObject.m; sourceTree = "<group>"; };
		1F6AE9DB1D9AD23000B43386 /* AVArrayTwoIndexesChangesObject.h */ = {isa = PBXFileReference; fileEncoding = 4; lastKnownFileType = sourcecode.c.h; path = AVArrayTwoIndexesChangesObject.h; sourceTree = "<group>"; };
		1F6AE9DC1D9AD23000B43386 /* AVArrayTwoIndexesChangesObject.m */ = {isa = PBXFileReference; fileEncoding = 4; lastKnownFileType = sourcecode.c.objc; path = AVArrayTwoIndexesChangesObject.m; sourceTree = "<group>"; };
		1F6AE9E31D9E31D300B43386 /* NSObject+AVExtensions.h */ = {isa = PBXFileReference; fileEncoding = 4; lastKnownFileType = sourcecode.c.h; path = "NSObject+AVExtensions.h"; sourceTree = "<group>"; };
		1F6AE9E41D9E31D300B43386 /* NSObject+AVExtensions.m */ = {isa = PBXFileReference; fileEncoding = 4; lastKnownFileType = sourcecode.c.objc; path = "NSObject+AVExtensions.m"; sourceTree = "<group>"; };
		1F9B27F31D8AD906003C2223 /* AVSortingArrayModel.h */ = {isa = PBXFileReference; fileEncoding = 4; lastKnownFileType = sourcecode.c.h; path = AVSortingArrayModel.h; sourceTree = "<group>"; };
		1F9B27F41D8AD906003C2223 /* AVSortingArrayModel.m */ = {isa = PBXFileReference; fileEncoding = 4; lastKnownFileType = sourcecode.c.objc; path = AVSortingArrayModel.m; sourceTree = "<group>"; };
		1FA16A1C1D95562400F7C27E /* NSMutableArray+AVExtensions.h */ = {isa = PBXFileReference; fileEncoding = 4; lastKnownFileType = sourcecode.c.h; path = "NSMutableArray+AVExtensions.h"; sourceTree = "<group>"; };
		1FA16A1D1D95562400F7C27E /* NSMutableArray+AVExtensions.m */ = {isa = PBXFileReference; fileEncoding = 4; lastKnownFileType = sourcecode.c.objc; path = "NSMutableArray+AVExtensions.m"; sourceTree = "<group>"; };
		1FAF90BE1DA5304300DFB062 /* AVUsersSortingArrayModel.h */ = {isa = PBXFileReference; fileEncoding = 4; lastKnownFileType = sourcecode.c.h; path = AVUsersSortingArrayModel.h; sourceTree = "<group>"; };
		1FAF90BF1DA5304300DFB062 /* AVUsersSortingArrayModel.m */ = {isa = PBXFileReference; fileEncoding = 4; lastKnownFileType = sourcecode.c.objc; path = AVUsersSortingArrayModel.m; sourceTree = "<group>"; };
		1FCAA6441D86FD9A00708B7B /* AVArrayModel.h */ = {isa = PBXFileReference; fileEncoding = 4; lastKnownFileType = sourcecode.c.h; path = AVArrayModel.h; sourceTree = "<group>"; };
		1FCAA6451D86FD9A00708B7B /* AVArrayModel.m */ = {isa = PBXFileReference; fileEncoding = 4; lastKnownFileType = sourcecode.c.objc; path = AVArrayModel.m; sourceTree = "<group>"; };
		1FCAA6481D8714E700708B7B /* AVUsers.h */ = {isa = PBXFileReference; fileEncoding = 4; lastKnownFileType = sourcecode.c.h; path = AVUsers.h; sourceTree = "<group>"; };
		1FCAA6491D8714E700708B7B /* AVUsers.m */ = {isa = PBXFileReference; fileEncoding = 4; lastKnownFileType = sourcecode.c.objc; path = AVUsers.m; sourceTree = "<group>"; };
		1FE14A941D7FEE37005D42AA /* AVImageModel.h */ = {isa = PBXFileReference; fileEncoding = 4; lastKnownFileType = sourcecode.c.h; path = AVImageModel.h; sourceTree = "<group>"; };
		1FE14A951D7FEE37005D42AA /* AVImageModel.m */ = {isa = PBXFileReference; fileEncoding = 4; lastKnownFileType = sourcecode.c.objc; path = AVImageModel.m; sourceTree = "<group>"; };
		1FE14A981D800ACD005D42AA /* AVObservableObject.h */ = {isa = PBXFileReference; fileEncoding = 4; lastKnownFileType = sourcecode.c.h; path = AVObservableObject.h; sourceTree = "<group>"; };
		1FE14A991D800ACD005D42AA /* AVObservableObject.m */ = {isa = PBXFileReference; fileEncoding = 4; lastKnownFileType = sourcecode.c.objc; path = AVObservableObject.m; sourceTree = "<group>"; };
		1FE14A9C1D801DA4005D42AA /* AVImageModelDispatcher.h */ = {isa = PBXFileReference; fileEncoding = 4; lastKnownFileType = sourcecode.c.h; path = AVImageModelDispatcher.h; sourceTree = "<group>"; };
		1FE14A9D1D801DA4005D42AA /* AVImageModelDispatcher.m */ = {isa = PBXFileReference; fileEncoding = 4; lastKnownFileType = sourcecode.c.objc; path = AVImageModelDispatcher.m; sourceTree = "<group>"; };
		1FE14A9F1D8037EE005D42AA /* AVWeakifyStrongify.h */ = {isa = PBXFileReference; fileEncoding = 4; lastKnownFileType = sourcecode.c.h; path = AVWeakifyStrongify.h; sourceTree = "<group>"; };
		1FE14AA21D8054A6005D42AA /* AVSquareMovingView.h */ = {isa = PBXFileReference; fileEncoding = 4; lastKnownFileType = sourcecode.c.h; path = AVSquareMovingView.h; sourceTree = "<group>"; };
		1FE14AA31D8054A6005D42AA /* AVSquareMovingView.m */ = {isa = PBXFileReference; fileEncoding = 4; lastKnownFileType = sourcecode.c.objc; path = AVSquareMovingView.m; sourceTree = "<group>"; };
		1FE14AA41D8054A6005D42AA /* AVSquareMovingViewController.h */ = {isa = PBXFileReference; fileEncoding = 4; lastKnownFileType = sourcecode.c.h; path = AVSquareMovingViewController.h; sourceTree = "<group>"; };
		1FE14AA51D8054A6005D42AA /* AVSquareMovingViewController.m */ = {isa = PBXFileReference; fileEncoding = 4; lastKnownFileType = sourcecode.c.objc; path = AVSquareMovingViewController.m; sourceTree = "<group>"; };
		1FE14AA61D8054A6005D42AA /* AVSquareMovingViewController.xib */ = {isa = PBXFileReference; fileEncoding = 4; lastKnownFileType = file.xib; path = AVSquareMovingViewController.xib; sourceTree = "<group>"; };
		1FE14AA81D8054A6005D42AA /* AVSquareView.h */ = {isa = PBXFileReference; fileEncoding = 4; lastKnownFileType = sourcecode.c.h; path = AVSquareView.h; sourceTree = "<group>"; };
		1FE14AA91D8054A6005D42AA /* AVSquareView.m */ = {isa = PBXFileReference; fileEncoding = 4; lastKnownFileType = sourcecode.c.objc; path = AVSquareView.m; sourceTree = "<group>"; };
		1FE14AAB1D8054A6005D42AA /* AVUsersView.h */ = {isa = PBXFileReference; fileEncoding = 4; lastKnownFileType = sourcecode.c.h; path = AVUsersView.h; sourceTree = "<group>"; };
		1FE14AAC1D8054A6005D42AA /* AVUsersView.m */ = {isa = PBXFileReference; fileEncoding = 4; lastKnownFileType = sourcecode.c.objc; path = AVUsersView.m; sourceTree = "<group>"; };
		1FE14AAD1D8054A6005D42AA /* AVUsersViewController.h */ = {isa = PBXFileReference; fileEncoding = 4; lastKnownFileType = sourcecode.c.h; path = AVUsersViewController.h; sourceTree = "<group>"; };
		1FE14AAE1D8054A6005D42AA /* AVUsersViewController.m */ = {isa = PBXFileReference; fileEncoding = 4; lastKnownFileType = sourcecode.c.objc; path = AVUsersViewController.m; sourceTree = "<group>"; };
		1FE14AAF1D8054A6005D42AA /* AVUsersViewController.xib */ = {isa = PBXFileReference; fileEncoding = 4; lastKnownFileType = file.xib; path = AVUsersViewController.xib; sourceTree = "<group>"; };
		1FE14AB21D8054A6005D42AA /* AVUserCell.h */ = {isa = PBXFileReference; fileEncoding = 4; lastKnownFileType = sourcecode.c.h; path = AVUserCell.h; sourceTree = "<group>"; };
		1FE14AB31D8054A6005D42AA /* AVUserCell.m */ = {isa = PBXFileReference; fileEncoding = 4; lastKnownFileType = sourcecode.c.objc; path = AVUserCell.m; sourceTree = "<group>"; };
		1FE14AB41D8054A6005D42AA /* AVUserCell.xib */ = {isa = PBXFileReference; fileEncoding = 4; lastKnownFileType = file.xib; path = AVUserCell.xib; sourceTree = "<group>"; };
		1FE14AB61D8054A6005D42AA /* AVDraggableView.h */ = {isa = PBXFileReference; fileEncoding = 4; lastKnownFileType = sourcecode.c.h; path = AVDraggableView.h; sourceTree = "<group>"; };
		1FE14AB71D8054A6005D42AA /* AVDraggableView.m */ = {isa = PBXFileReference; fileEncoding = 4; lastKnownFileType = sourcecode.c.objc; path = AVDraggableView.m; sourceTree = "<group>"; };
		1FE14AB81D8054A6005D42AA /* AVLabelView.h */ = {isa = PBXFileReference; fileEncoding = 4; lastKnownFileType = sourcecode.c.h; path = AVLabelView.h; sourceTree = "<group>"; };
		1FE14AB91D8054A6005D42AA /* AVLabelView.m */ = {isa = PBXFileReference; fileEncoding = 4; lastKnownFileType = sourcecode.c.objc; path = AVLabelView.m; sourceTree = "<group>"; };
		1FE14ABA1D8054A6005D42AA /* ViewController.h */ = {isa = PBXFileReference; fileEncoding = 4; lastKnownFileType = sourcecode.c.h; path = ViewController.h; sourceTree = "<group>"; };
		1FE14ABB1D8054A6005D42AA /* ViewController.m */ = {isa = PBXFileReference; fileEncoding = 4; lastKnownFileType = sourcecode.c.objc; path = ViewController.m; sourceTree = "<group>"; };
		1FE14ABC1D8054A6005D42AA /* ViewController.xib */ = {isa = PBXFileReference; fileEncoding = 4; lastKnownFileType = file.xib; path = ViewController.xib; sourceTree = "<group>"; };
		1FE14ACC1D8054E3005D42AA /* AVImageView.h */ = {isa = PBXFileReference; fileEncoding = 4; lastKnownFileType = sourcecode.c.h; path = AVImageView.h; sourceTree = "<group>"; };
		1FE14ACD1D8054E3005D42AA /* AVImageView.m */ = {isa = PBXFileReference; fileEncoding = 4; lastKnownFileType = sourcecode.c.objc; path = AVImageView.m; sourceTree = "<group>"; };
		1FE14ACF1D805D16005D42AA /* AVCompilerMacro.h */ = {isa = PBXFileReference; fileEncoding = 4; lastKnownFileType = sourcecode.c.h; path = AVCompilerMacro.h; sourceTree = "<group>"; };
/* End PBXFileReference section */

/* Begin PBXFrameworksBuildPhase section */
		1F2B57C41D7057D70026A944 /* Frameworks */ = {
			isa = PBXFrameworksBuildPhase;
			buildActionMask = 2147483647;
			files = (
			);
			runOnlyForDeploymentPostprocessing = 0;
		};
		1F2B57DD1D7057D70026A944 /* Frameworks */ = {
			isa = PBXFrameworksBuildPhase;
			buildActionMask = 2147483647;
			files = (
			);
			runOnlyForDeploymentPostprocessing = 0;
		};
		1F2B57E81D7057D70026A944 /* Frameworks */ = {
			isa = PBXFrameworksBuildPhase;
			buildActionMask = 2147483647;
			files = (
			);
			runOnlyForDeploymentPostprocessing = 0;
		};
/* End PBXFrameworksBuildPhase section */

/* Begin PBXGroup section */
		1F0DCDA81D79CA7200FD425C /* Source */ = {
			isa = PBXGroup;
			children = (
				1F0DCDA91D79CA7200FD425C /* Categories */,
				1F0DCDAA1D79CA7200FD425C /* Library */,
				1F0DCDAB1D79CA7200FD425C /* Models */,
				1FE14AA01D8054A6005D42AA /* UI */,
			);
			path = Source;
			sourceTree = "<group>";
		};
		1F0DCDA91D79CA7200FD425C /* Categories */ = {
			isa = PBXGroup;
			children = (
				1F0E89001D7EF828000A85E1 /* AVRandom */,
				1F0E88F21D7EF7F9000A85E1 /* AVAlphabet */,
				1F2101F71D915C7D00B05D6E /* AVExtensions */,
			);
			path = Categories;
			sourceTree = "<group>";
		};
		1F0DCDAA1D79CA7200FD425C /* Library */ = {
			isa = PBXGroup;
			children = (
				1F0E88DE1D7EDDA5000A85E1 /* Classes */,
				1F0E88DA1D7ECFA5000A85E1 /* Macro */,
			);
			path = Library;
			sourceTree = "<group>";
		};
		1F0DCDAB1D79CA7200FD425C /* Models */ = {
			isa = PBXGroup;
			children = (
				1FCAA6431D86FD0400708B7B /* AVArrayModel */,
				1F0E88EB1D7EF090000A85E1 /* AVUser */,
				1FCAA6471D8714C800708B7B /* AVUsers */,
				1FE14A931D7FEE37005D42AA /* AVImageModel */,
			);
			path = Models;
			sourceTree = "<group>";
		};
		1F0E88DA1D7ECFA5000A85E1 /* Macro */ = {
			isa = PBXGroup;
			children = (
				1F0E88DB1D7ECFA5000A85E1 /* AVSwitchCaseMacro.h */,
				1F0E88DC1D7ECFD6000A85E1 /* AVCGRectMacro.h */,
				1F0E88DD1D7ED07B000A85E1 /* AVRootViewMacro.h */,
				1FE14A9F1D8037EE005D42AA /* AVWeakifyStrongify.h */,
				1FE14ACF1D805D16005D42AA /* AVCompilerMacro.h */,
				1F397DBB1DA2735500AE8272 /* AVBlockMacro.h */,
			);
			path = Macro;
			sourceTree = "<group>";
		};
		1F0E88DE1D7EDDA5000A85E1 /* Classes */ = {
			isa = PBXGroup;
			children = (
				1FE14A971D800ACD005D42AA /* AVObservableObject */,
				1F0E88DF1D7EDDE2000A85E1 /* AVTableViewCell */,
			);
			path = Classes;
			sourceTree = "<group>";
		};
		1F0E88DF1D7EDDE2000A85E1 /* AVTableViewCell */ = {
			isa = PBXGroup;
			children = (
				1F0E88E01D7EDE84000A85E1 /* AVTableViewCell.h */,
				1F0E88E11D7EDE84000A85E1 /* AVTableViewCell.m */,
			);
			path = AVTableViewCell;
			sourceTree = "<group>";
		};
		1F0E88EB1D7EF090000A85E1 /* AVUser */ = {
			isa = PBXGroup;
			children = (
				1F0E88EC1D7EF0AB000A85E1 /* AVUser.h */,
				1F0E88ED1D7EF0AB000A85E1 /* AVUser.m */,
			);
			path = AVUser;
			sourceTree = "<group>";
		};
		1F0E88F21D7EF7F9000A85E1 /* AVAlphabet */ = {
			isa = PBXGroup;
			children = (
				1F0E88F31D7EF7F9000A85E1 /* AVAlphabet.h */,
				1F0E88F41D7EF7F9000A85E1 /* AVAlphabet.m */,
				1F0E88F51D7EF7F9000A85E1 /* Private */,
			);
			path = AVAlphabet;
			sourceTree = "<group>";
		};
		1F0E88F51D7EF7F9000A85E1 /* Private */ = {
			isa = PBXGroup;
			children = (
				1F0E88F61D7EF7F9000A85E1 /* AVClusterAlphabet.h */,
				1F0E88F71D7EF7F9000A85E1 /* AVClusterAlphabet.m */,
				1F0E88F81D7EF7F9000A85E1 /* AVRangeAlphabet.h */,
				1F0E88F91D7EF7F9000A85E1 /* AVRangeAlphabet.m */,
				1F0E88FA1D7EF7F9000A85E1 /* AVStringsAlphabet.h */,
				1F0E88FB1D7EF7F9000A85E1 /* AVStringsAlphabet.m */,
			);
			path = Private;
			sourceTree = "<group>";
		};
		1F0E89001D7EF828000A85E1 /* AVRandom */ = {
			isa = PBXGroup;
			children = (
				1F0E89011D7EF828000A85E1 /* AVRandom.h */,
				1F0E89021D7EF828000A85E1 /* AVRandom.m */,
			);
			path = AVRandom;
			sourceTree = "<group>";
		};
		1F0E89041D7EFA89000A85E1 /* Resources */ = {
			isa = PBXGroup;
			children = (
				1F0E890E1D7EFBD0000A85E1 /* Images */,
				1F0E89051D7EFAEF000A85E1 /* Assets.xcassets */,
				1F0E89061D7EFAEF000A85E1 /* Base.lproj */,
			);
			path = Resources;
			sourceTree = "<group>";
		};
		1F0E89061D7EFAEF000A85E1 /* Base.lproj */ = {
			isa = PBXGroup;
			children = (
				1F0E89071D7EFAEF000A85E1 /* LaunchScreen.storyboard */,
				1F0E89091D7EFAEF000A85E1 /* Main.storyboard */,
			);
			path = Base.lproj;
			sourceTree = "<group>";
		};
		1F0E890E1D7EFBD0000A85E1 /* Images */ = {
			isa = PBXGroup;
			children = (
				1F0E890F1D7EFBD0000A85E1 /* userImage.png */,
			);
			path = Images;
			sourceTree = "<group>";
		};
		1F2101F71D915C7D00B05D6E /* AVExtensions */ = {
			isa = PBXGroup;
			children = (
				1F2101F81D915C7D00B05D6E /* NSArray+AVExtensions */,
				1FA16A1B1D95562400F7C27E /* NSMutableArray+AVExtensions */,
				1F6AE9E21D9E31D300B43386 /* NSObject+AVExtensions */,
				1F2101FB1D915C7D00B05D6E /* NSBundle+AVExtensions */,
				1F2101FE1D915C7D00B05D6E /* NSString+AVExtensions */,
				1F2102011D915C7D00B05D6E /* NSString+AVRandomName */,
				1F2102041D915C7D00B05D6E /* UINib+AVExtensions */,
				1F2102071D915C7D00B05D6E /* UITableView+AVExtensions */,
				1F21020A1D915C7D00B05D6E /* UIViewController+AVExtensions */,
				1F21020D1D915C7D00B05D6E /* UIWindow+AVExtensions */,
			);
			path = AVExtensions;
			sourceTree = "<group>";
		};
		1F2101F81D915C7D00B05D6E /* NSArray+AVExtensions */ = {
			isa = PBXGroup;
			children = (
				1F2101F91D915C7D00B05D6E /* NSArray+AVExtensions.h */,
				1F2101FA1D915C7D00B05D6E /* NSArray+AVExtensions.m */,
			);
			path = "NSArray+AVExtensions";
			sourceTree = "<group>";
		};
		1F2101FB1D915C7D00B05D6E /* NSBundle+AVExtensions */ = {
			isa = PBXGroup;
			children = (
				1F2101FC1D915C7D00B05D6E /* NSBundle+AVExtensions.h */,
				1F2101FD1D915C7D00B05D6E /* NSBundle+AVExtensions.m */,
			);
			path = "NSBundle+AVExtensions";
			sourceTree = "<group>";
		};
		1F2101FE1D915C7D00B05D6E /* NSString+AVExtensions */ = {
			isa = PBXGroup;
			children = (
				1F2101FF1D915C7D00B05D6E /* NSString+AVExtensions.h */,
				1F2102001D915C7D00B05D6E /* NSString+AVExtensions.m */,
			);
			path = "NSString+AVExtensions";
			sourceTree = "<group>";
		};
		1F2102011D915C7D00B05D6E /* NSString+AVRandomName */ = {
			isa = PBXGroup;
			children = (
				1F2102021D915C7D00B05D6E /* NSString+AVRandomName.h */,
				1F2102031D915C7D00B05D6E /* NSString+AVRandomName.m */,
			);
			path = "NSString+AVRandomName";
			sourceTree = "<group>";
		};
		1F2102041D915C7D00B05D6E /* UINib+AVExtensions */ = {
			isa = PBXGroup;
			children = (
				1F2102051D915C7D00B05D6E /* UINib+AVExtensions.h */,
				1F2102061D915C7D00B05D6E /* UINib+AVExtensions.m */,
			);
			path = "UINib+AVExtensions";
			sourceTree = "<group>";
		};
		1F2102071D915C7D00B05D6E /* UITableView+AVExtensions */ = {
			isa = PBXGroup;
			children = (
				1F2102081D915C7D00B05D6E /* UITableView+AVExtensions.h */,
				1F2102091D915C7D00B05D6E /* UITableView+AVExtensions.m */,
			);
			path = "UITableView+AVExtensions";
			sourceTree = "<group>";
		};
		1F21020A1D915C7D00B05D6E /* UIViewController+AVExtensions */ = {
			isa = PBXGroup;
			children = (
				1F21020B1D915C7D00B05D6E /* UIViewController+AVExtensions.h */,
				1F21020C1D915C7D00B05D6E /* UIViewController+AVExtensions.m */,
			);
			path = "UIViewController+AVExtensions";
			sourceTree = "<group>";
		};
		1F21020D1D915C7D00B05D6E /* UIWindow+AVExtensions */ = {
			isa = PBXGroup;
			children = (
				1F21020E1D915C7D00B05D6E /* UIWindow+AVExtensions.h */,
				1F21020F1D915C7D00B05D6E /* UIWindow+AVExtensions.m */,
			);
			path = "UIWindow+AVExtensions";
			sourceTree = "<group>";
		};
		1F2B57BE1D7057D70026A944 = {
			isa = PBXGroup;
			children = (
				1F0DCDA81D79CA7200FD425C /* Source */,
				1F2B57C91D7057D70026A944 /* iOSProject */,
				1F2B57E31D7057D70026A944 /* iOSProjectTests */,
				1F2B57EE1D7057D70026A944 /* iOSProjectUITests */,
				1F2B57C81D7057D70026A944 /* Products */,
				1F0E89041D7EFA89000A85E1 /* Resources */,
				1F2B57FD1D70822E0026A944 /* iOS Study Plan.txt */,
			);
			sourceTree = "<group>";
		};
		1F2B57C81D7057D70026A944 /* Products */ = {
			isa = PBXGroup;
			children = (
				1F2B57C71D7057D70026A944 /* iOSProject.app */,
				1F2B57E01D7057D70026A944 /* iOSProjectTests.xctest */,
				1F2B57EB1D7057D70026A944 /* iOSProjectUITests.xctest */,
			);
			name = Products;
			sourceTree = "<group>";
		};
		1F2B57C91D7057D70026A944 /* iOSProject */ = {
			isa = PBXGroup;
			children = (
				1F2B57CD1D7057D70026A944 /* AppDelegate.h */,
				1F2B57CE1D7057D70026A944 /* AppDelegate.m */,
				1F2B57DB1D7057D70026A944 /* Info.plist */,
				1F2B57CA1D7057D70026A944 /* Supporting Files */,
			);
			path = iOSProject;
			sourceTree = "<group>";
		};
		1F2B57CA1D7057D70026A944 /* Supporting Files */ = {
			isa = PBXGroup;
			children = (
				1F2B57CB1D7057D70026A944 /* main.m */,
			);
			name = "Supporting Files";
			sourceTree = "<group>";
		};
		1F2B57E31D7057D70026A944 /* iOSProjectTests */ = {
			isa = PBXGroup;
			children = (
				1F2B57E41D7057D70026A944 /* iOSProjectTests.m */,
				1F2B57E61D7057D70026A944 /* Info.plist */,
			);
			path = iOSProjectTests;
			sourceTree = "<group>";
		};
		1F2B57EE1D7057D70026A944 /* iOSProjectUITests */ = {
			isa = PBXGroup;
			children = (
				1F2B57EF1D7057D70026A944 /* iOSProjectUITests.m */,
				1F2B57F11D7057D70026A944 /* Info.plist */,
			);
			path = iOSProjectUITests;
			sourceTree = "<group>";
		};
		1F397DBC1DA3C69300AE8272 /* AVArrayChangesObject+AVArrayModel */ = {
			isa = PBXGroup;
			children = (
				1F397DC11DA3C6D600AE8272 /* AVArrayChangesObject+AVArrayModel.h */,
				1F397DC21DA3C6D600AE8272 /* AVArrayChangesObject+AVArrayModel.m */,
			);
			path = "AVArrayChangesObject+AVArrayModel";
			sourceTree = "<group>";
		};
		1F397DBD1DA3C6A000AE8272 /* AVArrayChangesObject+UITableView */ = {
			isa = PBXGroup;
			children = (
				1F397DBE1DA3C6A000AE8272 /* AVArrayChangesObject+UITableView.h */,
				1F397DBF1DA3C6A000AE8272 /* AVArrayChangesObject+UITableView.m */,
			);
			path = "AVArrayChangesObject+UITableView";
			sourceTree = "<group>";
		};
		1F6AE9D81D9AD23000B43386 /* Private */ = {
			isa = PBXGroup;
			children = (
				1F6AE9D91D9AD23000B43386 /* AVArrayOneIndexChangesObject.h */,
				1F6AE9DA1D9AD23000B43386 /* AVArrayOneIndexChangesObject.m */,
				1F6AE9DB1D9AD23000B43386 /* AVArrayTwoIndexesChangesObject.h */,
				1F6AE9DC1D9AD23000B43386 /* AVArrayTwoIndexesChangesObject.m */,
			);
			path = Private;
			sourceTree = "<group>";
		};
		1F6AE9E21D9E31D300B43386 /* NSObject+AVExtensions */ = {
			isa = PBXGroup;
			children = (
				1F6AE9E31D9E31D300B43386 /* NSObject+AVExtensions.h */,
				1F6AE9E41D9E31D300B43386 /* NSObject+AVExtensions.m */,
			);
			path = "NSObject+AVExtensions";
			sourceTree = "<group>";
		};
		1F9B27F21D8AD8E6003C2223 /* AVSortingArrayModel */ = {
			isa = PBXGroup;
			children = (
				1F9B27F31D8AD906003C2223 /* AVSortingArrayModel.h */,
				1F9B27F41D8AD906003C2223 /* AVSortingArrayModel.m */,
			);
			path = AVSortingArrayModel;
			sourceTree = "<group>";
		};
		1FA16A1B1D95562400F7C27E /* NSMutableArray+AVExtensions */ = {
			isa = PBXGroup;
			children = (
				1FA16A1C1D95562400F7C27E /* NSMutableArray+AVExtensions.h */,
				1FA16A1D1D95562400F7C27E /* NSMutableArray+AVExtensions.m */,
			);
			path = "NSMutableArray+AVExtensions";
			sourceTree = "<group>";
		};
		1FAF90BD1DA5304300DFB062 /* AVUsersSortingArrayModel */ = {
			isa = PBXGroup;
			children = (
				1FAF90BE1DA5304300DFB062 /* AVUsersSortingArrayModel.h */,
				1FAF90BF1DA5304300DFB062 /* AVUsersSortingArrayModel.m */,
			);
			path = AVUsersSortingArrayModel;
			sourceTree = "<group>";
		};
		1FCAA6431D86FD0400708B7B /* AVArrayModel */ = {
			isa = PBXGroup;
			children = (
				1FF680591D9926E600E63C16 /* AVArrayChangesObject */,
				1F9B27F21D8AD8E6003C2223 /* AVSortingArrayModel */,
				1FAF90BD1DA5304300DFB062 /* AVUsersSortingArrayModel */,
				1FCAA6441D86FD9A00708B7B /* AVArrayModel.h */,
				1FCAA6451D86FD9A00708B7B /* AVArrayModel.m */,
			);
			path = AVArrayModel;
			sourceTree = "<group>";
		};
		1FCAA6471D8714C800708B7B /* AVUsers */ = {
			isa = PBXGroup;
			children = (
				1FCAA6481D8714E700708B7B /* AVUsers.h */,
				1FCAA6491D8714E700708B7B /* AVUsers.m */,
			);
			path = AVUsers;
			sourceTree = "<group>";
		};
		1FE14A931D7FEE37005D42AA /* AVImageModel */ = {
			isa = PBXGroup;
			children = (
				1FE14A9B1D801D38005D42AA /* Private */,
				1FE14A941D7FEE37005D42AA /* AVImageModel.h */,
				1FE14A951D7FEE37005D42AA /* AVImageModel.m */,
			);
			path = AVImageModel;
			sourceTree = "<group>";
		};
		1FE14A971D800ACD005D42AA /* AVObservableObject */ = {
			isa = PBXGroup;
			children = (
				1FE14A981D800ACD005D42AA /* AVObservableObject.h */,
				1FE14A991D800ACD005D42AA /* AVObservableObject.m */,
			);
			path = AVObservableObject;
			sourceTree = "<group>";
		};
		1FE14A9B1D801D38005D42AA /* Private */ = {
			isa = PBXGroup;
			children = (
				1FE14A9C1D801DA4005D42AA /* AVImageModelDispatcher.h */,
				1FE14A9D1D801DA4005D42AA /* AVImageModelDispatcher.m */,
			);
			path = Private;
			sourceTree = "<group>";
		};
		1FE14AA01D8054A6005D42AA /* UI */ = {
			isa = PBXGroup;
			children = (
				1FE14AA11D8054A6005D42AA /* AVSquareMovingViewController */,
				1FE14AAA1D8054A6005D42AA /* AVUsersViewComtroller */,
				1FE14AB51D8054A6005D42AA /* Test */,
				1FE14ABD1D8054A6005D42AA /* Views */,
			);
			path = UI;
			sourceTree = "<group>";
		};
		1FE14AA11D8054A6005D42AA /* AVSquareMovingViewController */ = {
			isa = PBXGroup;
			children = (
				1FE14AA21D8054A6005D42AA /* AVSquareMovingView.h */,
				1FE14AA31D8054A6005D42AA /* AVSquareMovingView.m */,
				1FE14AA41D8054A6005D42AA /* AVSquareMovingViewController.h */,
				1FE14AA51D8054A6005D42AA /* AVSquareMovingViewController.m */,
				1FE14AA61D8054A6005D42AA /* AVSquareMovingViewController.xib */,
				1FE14AA71D8054A6005D42AA /* Subviews */,
			);
			path = AVSquareMovingViewController;
			sourceTree = "<group>";
		};
		1FE14AA71D8054A6005D42AA /* Subviews */ = {
			isa = PBXGroup;
			children = (
				1FE14AA81D8054A6005D42AA /* AVSquareView.h */,
				1FE14AA91D8054A6005D42AA /* AVSquareView.m */,
			);
			path = Subviews;
			sourceTree = "<group>";
		};
		1FE14AAA1D8054A6005D42AA /* AVUsersViewComtroller */ = {
			isa = PBXGroup;
			children = (
				1FE14AAB1D8054A6005D42AA /* AVUsersView.h */,
				1FE14AAC1D8054A6005D42AA /* AVUsersView.m */,
				1FE14AAD1D8054A6005D42AA /* AVUsersViewController.h */,
				1FE14AAE1D8054A6005D42AA /* AVUsersViewController.m */,
				1FE14AAF1D8054A6005D42AA /* AVUsersViewController.xib */,
				1FE14AB01D8054A6005D42AA /* Views */,
			);
			path = AVUsersViewComtroller;
			sourceTree = "<group>";
		};
		1FE14AB01D8054A6005D42AA /* Views */ = {
			isa = PBXGroup;
			children = (
				1FE14AB11D8054A6005D42AA /* AVUserCell */,
			);
			path = Views;
			sourceTree = "<group>";
		};
		1FE14AB11D8054A6005D42AA /* AVUserCell */ = {
			isa = PBXGroup;
			children = (
				1FE14AB21D8054A6005D42AA /* AVUserCell.h */,
				1FE14AB31D8054A6005D42AA /* AVUserCell.m */,
				1FE14AB41D8054A6005D42AA /* AVUserCell.xib */,
			);
			path = AVUserCell;
			sourceTree = "<group>";
		};
		1FE14AB51D8054A6005D42AA /* Test */ = {
			isa = PBXGroup;
			children = (
				1FE14AB61D8054A6005D42AA /* AVDraggableView.h */,
				1FE14AB71D8054A6005D42AA /* AVDraggableView.m */,
				1FE14AB81D8054A6005D42AA /* AVLabelView.h */,
				1FE14AB91D8054A6005D42AA /* AVLabelView.m */,
				1FE14ABA1D8054A6005D42AA /* ViewController.h */,
				1FE14ABB1D8054A6005D42AA /* ViewController.m */,
				1FE14ABC1D8054A6005D42AA /* ViewController.xib */,
			);
			path = Test;
			sourceTree = "<group>";
		};
		1FE14ABD1D8054A6005D42AA /* Views */ = {
			isa = PBXGroup;
			children = (
				1FE14ABE1D8054A6005D42AA /* AVImageView */,
			);
			path = Views;
			sourceTree = "<group>";
		};
		1FE14ABE1D8054A6005D42AA /* AVImageView */ = {
			isa = PBXGroup;
			children = (
				1FE14ACC1D8054E3005D42AA /* AVImageView.h */,
				1FE14ACD1D8054E3005D42AA /* AVImageView.m */,
			);
			path = AVImageView;
			sourceTree = "<group>";
		};
		1FF680591D9926E600E63C16 /* AVArrayChangesObject */ = {
			isa = PBXGroup;
			children = (
				1F53F4551D9E9BB800E91BC7 /* AVArrayChangesObject.h */,
				1F53F4561D9E9BB800E91BC7 /* AVArrayChangesObject.m */,
				1F397DBC1DA3C69300AE8272 /* AVArrayChangesObject+AVArrayModel */,
				1F397DBD1DA3C6A000AE8272 /* AVArrayChangesObject+UITableView */,
				1F6AE9D81D9AD23000B43386 /* Private */,
			);
			path = AVArrayChangesObject;
			sourceTree = "<group>";
		};
/* End PBXGroup section */

/* Begin PBXNativeTarget section */
		1F2B57C61D7057D70026A944 /* iOSProject */ = {
			isa = PBXNativeTarget;
			buildConfigurationList = 1F2B57F41D7057D70026A944 /* Build configuration list for PBXNativeTarget "iOSProject" */;
			buildPhases = (
				1F2B57C31D7057D70026A944 /* Sources */,
				1F2B57C41D7057D70026A944 /* Frameworks */,
				1F2B57C51D7057D70026A944 /* Resources */,
			);
			buildRules = (
			);
			dependencies = (
			);
			name = iOSProject;
			productName = iOSProject;
			productReference = 1F2B57C71D7057D70026A944 /* iOSProject.app */;
			productType = "com.apple.product-type.application";
		};
		1F2B57DF1D7057D70026A944 /* iOSProjectTests */ = {
			isa = PBXNativeTarget;
			buildConfigurationList = 1F2B57F71D7057D70026A944 /* Build configuration list for PBXNativeTarget "iOSProjectTests" */;
			buildPhases = (
				1F2B57DC1D7057D70026A944 /* Sources */,
				1F2B57DD1D7057D70026A944 /* Frameworks */,
				1F2B57DE1D7057D70026A944 /* Resources */,
			);
			buildRules = (
			);
			dependencies = (
				1F2B57E21D7057D70026A944 /* PBXTargetDependency */,
			);
			name = iOSProjectTests;
			productName = iOSProjectTests;
			productReference = 1F2B57E01D7057D70026A944 /* iOSProjectTests.xctest */;
			productType = "com.apple.product-type.bundle.unit-test";
		};
		1F2B57EA1D7057D70026A944 /* iOSProjectUITests */ = {
			isa = PBXNativeTarget;
			buildConfigurationList = 1F2B57FA1D7057D70026A944 /* Build configuration list for PBXNativeTarget "iOSProjectUITests" */;
			buildPhases = (
				1F2B57E71D7057D70026A944 /* Sources */,
				1F2B57E81D7057D70026A944 /* Frameworks */,
				1F2B57E91D7057D70026A944 /* Resources */,
			);
			buildRules = (
			);
			dependencies = (
				1F2B57ED1D7057D70026A944 /* PBXTargetDependency */,
			);
			name = iOSProjectUITests;
			productName = iOSProjectUITests;
			productReference = 1F2B57EB1D7057D70026A944 /* iOSProjectUITests.xctest */;
			productType = "com.apple.product-type.bundle.ui-testing";
		};
/* End PBXNativeTarget section */

/* Begin PBXProject section */
		1F2B57BF1D7057D70026A944 /* Project object */ = {
			isa = PBXProject;
			attributes = {
				LastUpgradeCheck = 0730;
				ORGANIZATIONNAME = "Aleksandr Voropaev";
				TargetAttributes = {
					1F2B57C61D7057D70026A944 = {
						CreatedOnToolsVersion = 7.3.1;
					};
					1F2B57DF1D7057D70026A944 = {
						CreatedOnToolsVersion = 7.3.1;
						TestTargetID = 1F2B57C61D7057D70026A944;
					};
					1F2B57EA1D7057D70026A944 = {
						CreatedOnToolsVersion = 7.3.1;
						TestTargetID = 1F2B57C61D7057D70026A944;
					};
				};
			};
			buildConfigurationList = 1F2B57C21D7057D70026A944 /* Build configuration list for PBXProject "iOSProject" */;
			compatibilityVersion = "Xcode 3.2";
			developmentRegion = English;
			hasScannedForEncodings = 0;
			knownRegions = (
				en,
				Base,
			);
			mainGroup = 1F2B57BE1D7057D70026A944;
			productRefGroup = 1F2B57C81D7057D70026A944 /* Products */;
			projectDirPath = "";
			projectRoot = "";
			targets = (
				1F2B57C61D7057D70026A944 /* iOSProject */,
				1F2B57DF1D7057D70026A944 /* iOSProjectTests */,
				1F2B57EA1D7057D70026A944 /* iOSProjectUITests */,
			);
		};
/* End PBXProject section */

/* Begin PBXResourcesBuildPhase section */
		1F2B57C51D7057D70026A944 /* Resources */ = {
			isa = PBXResourcesBuildPhase;
			buildActionMask = 2147483647;
			files = (
				1F0E890C1D7EFAEF000A85E1 /* LaunchScreen.storyboard in Resources */,
				1F0E89101D7EFBD0000A85E1 /* userImage.png in Resources */,
				1FE14ACB1D8054A6005D42AA /* ViewController.xib in Resources */,
				1F0E890B1D7EFAEF000A85E1 /* Assets.xcassets in Resources */,
				1F0E890D1D7EFAEF000A85E1 /* Main.storyboard in Resources */,
				1FE14AC71D8054A6005D42AA /* AVUserCell.xib in Resources */,
				1FE14AC51D8054A6005D42AA /* AVUsersViewController.xib in Resources */,
				1FE14AC11D8054A6005D42AA /* AVSquareMovingViewController.xib in Resources */,
			);
			runOnlyForDeploymentPostprocessing = 0;
		};
		1F2B57DE1D7057D70026A944 /* Resources */ = {
			isa = PBXResourcesBuildPhase;
			buildActionMask = 2147483647;
			files = (
			);
			runOnlyForDeploymentPostprocessing = 0;
		};
		1F2B57E91D7057D70026A944 /* Resources */ = {
			isa = PBXResourcesBuildPhase;
			buildActionMask = 2147483647;
			files = (
			);
			runOnlyForDeploymentPostprocessing = 0;
		};
/* End PBXResourcesBuildPhase section */

/* Begin PBXSourcesBuildPhase section */
		1F2B57C31D7057D70026A944 /* Sources */ = {
			isa = PBXSourcesBuildPhase;
			buildActionMask = 2147483647;
			files = (
				1F2102121D915C7D00B05D6E /* NSString+AVExtensions.m in Sources */,
				1FE14AC01D8054A6005D42AA /* AVSquareMovingViewController.m in Sources */,
				1F0E88FF1D7EF7F9000A85E1 /* AVStringsAlphabet.m in Sources */,
				1F6AE9E51D9E31D300B43386 /* NSObject+AVExtensions.m in Sources */,
				1FCAA6461D86FD9B00708B7B /* AVArrayModel.m in Sources */,
				1FE14AC21D8054A6005D42AA /* AVSquareView.m in Sources */,
				1F2102171D915C7D00B05D6E /* UIWindow+AVExtensions.m in Sources */,
				1FE14AC91D8054A6005D42AA /* AVLabelView.m in Sources */,
				1F6AE9DE1D9AD23000B43386 /* AVArrayTwoIndexesChangesObject.m in Sources */,
				1F6AE9DD1D9AD23000B43386 /* AVArrayOneIndexChangesObject.m in Sources */,
				1F2102111D915C7D00B05D6E /* NSBundle+AVExtensions.m in Sources */,
				1FE14ABF1D8054A6005D42AA /* AVSquareMovingView.m in Sources */,
				1FE14AC61D8054A6005D42AA /* AVUserCell.m in Sources */,
				1F2102161D915C7D00B05D6E /* UIViewController+AVExtensions.m in Sources */,
				1F0E89031D7EF828000A85E1 /* AVRandom.m in Sources */,
				1F2B57CF1D7057D70026A944 /* AppDelegate.m in Sources */,
				1FE14A9A1D800ACD005D42AA /* AVObservableObject.m in Sources */,
				1FE14AC81D8054A6005D42AA /* AVDraggableView.m in Sources */,
				1FE14A9E1D801DA4005D42AA /* AVImageModelDispatcher.m in Sources */,
				1F397DC01DA3C6A000AE8272 /* AVArrayChangesObject+UITableView.m in Sources */,
				1FA16A1E1D95562400F7C27E /* NSMutableArray+AVExtensions.m in Sources */,
				1FAF90C01DA5304300DFB062 /* AVUsersSortingArrayModel.m in Sources */,
				1FCAA64A1D8714E700708B7B /* AVUsers.m in Sources */,
				1F0E88FE1D7EF7F9000A85E1 /* AVRangeAlphabet.m in Sources */,
				1FE14ACE1D8054E3005D42AA /* AVImageView.m in Sources */,
				1F0E88EE1D7EF0AB000A85E1 /* AVUser.m in Sources */,
				1F397DC31DA3C6D600AE8272 /* AVArrayChangesObject+AVArrayModel.m in Sources */,
				1FE14A961D7FEE37005D42AA /* AVImageModel.m in Sources */,
				1F2102101D915C7D00B05D6E /* NSArray+AVExtensions.m in Sources */,
				1FE14AC31D8054A6005D42AA /* AVUsersView.m in Sources */,
				1F0E88FD1D7EF7F9000A85E1 /* AVClusterAlphabet.m in Sources */,
				1F9B27F51D8AD906003C2223 /* AVSortingArrayModel.m in Sources */,
				1F2B57CC1D7057D70026A944 /* main.m in Sources */,
				1F2102151D915C7D00B05D6E /* UITableView+AVExtensions.m in Sources */,
				1FE14AC41D8054A6005D42AA /* AVUsersViewController.m in Sources */,
				1F0E88E21D7EDE84000A85E1 /* AVTableViewCell.m in Sources */,
				1F53F4571D9E9BB800E91BC7 /* AVArrayChangesObject.m in Sources */,
				1FE14ACA1D8054A6005D42AA /* ViewController.m in Sources */,
				1F0E88FC1D7EF7F9000A85E1 /* AVAlphabet.m in Sources */,
				1F2102141D915C7D00B05D6E /* UINib+AVExtensions.m in Sources */,
				1F2102131D915C7D00B05D6E /* NSString+AVRandomName.m in Sources */,
			);
			runOnlyForDeploymentPostprocessing = 0;
		};
		1F2B57DC1D7057D70026A944 /* Sources */ = {
			isa = PBXSourcesBuildPhase;
			buildActionMask = 2147483647;
			files = (
				1F2B57E51D7057D70026A944 /* iOSProjectTests.m in Sources */,
			);
			runOnlyForDeploymentPostprocessing = 0;
		};
		1F2B57E71D7057D70026A944 /* Sources */ = {
			isa = PBXSourcesBuildPhase;
			buildActionMask = 2147483647;
			files = (
				1F2B57F01D7057D70026A944 /* iOSProjectUITests.m in Sources */,
			);
			runOnlyForDeploymentPostprocessing = 0;
		};
/* End PBXSourcesBuildPhase section */

/* Begin PBXTargetDependency section */
		1F2B57E21D7057D70026A944 /* PBXTargetDependency */ = {
			isa = PBXTargetDependency;
			target = 1F2B57C61D7057D70026A944 /* iOSProject */;
			targetProxy = 1F2B57E11D7057D70026A944 /* PBXContainerItemProxy */;
		};
		1F2B57ED1D7057D70026A944 /* PBXTargetDependency */ = {
			isa = PBXTargetDependency;
			target = 1F2B57C61D7057D70026A944 /* iOSProject */;
			targetProxy = 1F2B57EC1D7057D70026A944 /* PBXContainerItemProxy */;
		};
/* End PBXTargetDependency section */

/* Begin PBXVariantGroup section */
		1F0E89071D7EFAEF000A85E1 /* LaunchScreen.storyboard */ = {
			isa = PBXVariantGroup;
			children = (
				1F0E89081D7EFAEF000A85E1 /* Base */,
			);
			name = LaunchScreen.storyboard;
			sourceTree = "<group>";
		};
		1F0E89091D7EFAEF000A85E1 /* Main.storyboard */ = {
			isa = PBXVariantGroup;
			children = (
				1F0E890A1D7EFAEF000A85E1 /* Base */,
			);
			name = Main.storyboard;
			sourceTree = "<group>";
		};
/* End PBXVariantGroup section */

/* Begin XCBuildConfiguration section */
		1F2B57F21D7057D70026A944 /* Debug */ = {
			isa = XCBuildConfiguration;
			buildSettings = {
				ALWAYS_SEARCH_USER_PATHS = NO;
				CLANG_ANALYZER_NONNULL = YES;
				CLANG_CXX_LANGUAGE_STANDARD = "gnu++0x";
				CLANG_CXX_LIBRARY = "libc++";
				CLANG_ENABLE_MODULES = YES;
				CLANG_ENABLE_OBJC_ARC = YES;
				CLANG_WARN_BOOL_CONVERSION = YES;
				CLANG_WARN_CONSTANT_CONVERSION = YES;
				CLANG_WARN_DIRECT_OBJC_ISA_USAGE = YES_ERROR;
				CLANG_WARN_EMPTY_BODY = YES;
				CLANG_WARN_ENUM_CONVERSION = YES;
				CLANG_WARN_INT_CONVERSION = YES;
				CLANG_WARN_OBJC_ROOT_CLASS = YES_ERROR;
				CLANG_WARN_UNREACHABLE_CODE = YES;
				CLANG_WARN__DUPLICATE_METHOD_MATCH = YES;
				"CODE_SIGN_IDENTITY[sdk=iphoneos*]" = "iPhone Developer";
				COPY_PHASE_STRIP = NO;
				DEBUG_INFORMATION_FORMAT = dwarf;
				ENABLE_STRICT_OBJC_MSGSEND = YES;
				ENABLE_TESTABILITY = YES;
				GCC_C_LANGUAGE_STANDARD = gnu99;
				GCC_DYNAMIC_NO_PIC = NO;
				GCC_NO_COMMON_BLOCKS = YES;
				GCC_OPTIMIZATION_LEVEL = 0;
				GCC_PREPROCESSOR_DEFINITIONS = (
					"DEBUG=1",
					"$(inherited)",
				);
				GCC_WARN_64_TO_32_BIT_CONVERSION = YES;
				GCC_WARN_ABOUT_RETURN_TYPE = YES_ERROR;
				GCC_WARN_UNDECLARED_SELECTOR = YES;
				GCC_WARN_UNINITIALIZED_AUTOS = YES_AGGRESSIVE;
				GCC_WARN_UNUSED_FUNCTION = YES;
				GCC_WARN_UNUSED_VARIABLE = YES;
				IPHONEOS_DEPLOYMENT_TARGET = 9.0;
				MTL_ENABLE_DEBUG_INFO = YES;
				ONLY_ACTIVE_ARCH = YES;
				SDKROOT = iphoneos;
			};
			name = Debug;
		};
		1F2B57F31D7057D70026A944 /* Release */ = {
			isa = XCBuildConfiguration;
			buildSettings = {
				ALWAYS_SEARCH_USER_PATHS = NO;
				CLANG_ANALYZER_NONNULL = YES;
				CLANG_CXX_LANGUAGE_STANDARD = "gnu++0x";
				CLANG_CXX_LIBRARY = "libc++";
				CLANG_ENABLE_MODULES = YES;
				CLANG_ENABLE_OBJC_ARC = YES;
				CLANG_WARN_BOOL_CONVERSION = YES;
				CLANG_WARN_CONSTANT_CONVERSION = YES;
				CLANG_WARN_DIRECT_OBJC_ISA_USAGE = YES_ERROR;
				CLANG_WARN_EMPTY_BODY = YES;
				CLANG_WARN_ENUM_CONVERSION = YES;
				CLANG_WARN_INT_CONVERSION = YES;
				CLANG_WARN_OBJC_ROOT_CLASS = YES_ERROR;
				CLANG_WARN_UNREACHABLE_CODE = YES;
				CLANG_WARN__DUPLICATE_METHOD_MATCH = YES;
				"CODE_SIGN_IDENTITY[sdk=iphoneos*]" = "iPhone Developer";
				COPY_PHASE_STRIP = NO;
				DEBUG_INFORMATION_FORMAT = "dwarf-with-dsym";
				ENABLE_NS_ASSERTIONS = NO;
				ENABLE_STRICT_OBJC_MSGSEND = YES;
				GCC_C_LANGUAGE_STANDARD = gnu99;
				GCC_NO_COMMON_BLOCKS = YES;
				GCC_WARN_64_TO_32_BIT_CONVERSION = YES;
				GCC_WARN_ABOUT_RETURN_TYPE = YES_ERROR;
				GCC_WARN_UNDECLARED_SELECTOR = YES;
				GCC_WARN_UNINITIALIZED_AUTOS = YES_AGGRESSIVE;
				GCC_WARN_UNUSED_FUNCTION = YES;
				GCC_WARN_UNUSED_VARIABLE = YES;
				IPHONEOS_DEPLOYMENT_TARGET = 9.0;
				MTL_ENABLE_DEBUG_INFO = NO;
				SDKROOT = iphoneos;
				VALIDATE_PRODUCT = YES;
			};
			name = Release;
		};
		1F2B57F51D7057D70026A944 /* Debug */ = {
			isa = XCBuildConfiguration;
			buildSettings = {
				ASSETCATALOG_COMPILER_APPICON_NAME = AppIcon;
				INFOPLIST_FILE = iOSProject/Info.plist;
				LD_RUNPATH_SEARCH_PATHS = "$(inherited) @executable_path/Frameworks";
				PRODUCT_BUNDLE_IDENTIFIER = AV.iOSProject;
				PRODUCT_NAME = "$(TARGET_NAME)";
			};
			name = Debug;
		};
		1F2B57F61D7057D70026A944 /* Release */ = {
			isa = XCBuildConfiguration;
			buildSettings = {
				ASSETCATALOG_COMPILER_APPICON_NAME = AppIcon;
				INFOPLIST_FILE = iOSProject/Info.plist;
				LD_RUNPATH_SEARCH_PATHS = "$(inherited) @executable_path/Frameworks";
				PRODUCT_BUNDLE_IDENTIFIER = AV.iOSProject;
				PRODUCT_NAME = "$(TARGET_NAME)";
			};
			name = Release;
		};
		1F2B57F81D7057D70026A944 /* Debug */ = {
			isa = XCBuildConfiguration;
			buildSettings = {
				BUNDLE_LOADER = "$(TEST_HOST)";
				INFOPLIST_FILE = iOSProjectTests/Info.plist;
				LD_RUNPATH_SEARCH_PATHS = "$(inherited) @executable_path/Frameworks @loader_path/Frameworks";
				PRODUCT_BUNDLE_IDENTIFIER = AV.iOSProjectTests;
				PRODUCT_NAME = "$(TARGET_NAME)";
				TEST_HOST = "$(BUILT_PRODUCTS_DIR)/iOSProject.app/iOSProject";
			};
			name = Debug;
		};
		1F2B57F91D7057D70026A944 /* Release */ = {
			isa = XCBuildConfiguration;
			buildSettings = {
				BUNDLE_LOADER = "$(TEST_HOST)";
				INFOPLIST_FILE = iOSProjectTests/Info.plist;
				LD_RUNPATH_SEARCH_PATHS = "$(inherited) @executable_path/Frameworks @loader_path/Frameworks";
				PRODUCT_BUNDLE_IDENTIFIER = AV.iOSProjectTests;
				PRODUCT_NAME = "$(TARGET_NAME)";
				TEST_HOST = "$(BUILT_PRODUCTS_DIR)/iOSProject.app/iOSProject";
			};
			name = Release;
		};
		1F2B57FB1D7057D70026A944 /* Debug */ = {
			isa = XCBuildConfiguration;
			buildSettings = {
				INFOPLIST_FILE = iOSProjectUITests/Info.plist;
				LD_RUNPATH_SEARCH_PATHS = "$(inherited) @executable_path/Frameworks @loader_path/Frameworks";
				PRODUCT_BUNDLE_IDENTIFIER = AV.iOSProjectUITests;
				PRODUCT_NAME = "$(TARGET_NAME)";
				TEST_TARGET_NAME = iOSProject;
			};
			name = Debug;
		};
		1F2B57FC1D7057D70026A944 /* Release */ = {
			isa = XCBuildConfiguration;
			buildSettings = {
				INFOPLIST_FILE = iOSProjectUITests/Info.plist;
				LD_RUNPATH_SEARCH_PATHS = "$(inherited) @executable_path/Frameworks @loader_path/Frameworks";
				PRODUCT_BUNDLE_IDENTIFIER = AV.iOSProjectUITests;
				PRODUCT_NAME = "$(TARGET_NAME)";
				TEST_TARGET_NAME = iOSProject;
			};
			name = Release;
		};
/* End XCBuildConfiguration section */

/* Begin XCConfigurationList section */
		1F2B57C21D7057D70026A944 /* Build configuration list for PBXProject "iOSProject" */ = {
			isa = XCConfigurationList;
			buildConfigurations = (
				1F2B57F21D7057D70026A944 /* Debug */,
				1F2B57F31D7057D70026A944 /* Release */,
			);
			defaultConfigurationIsVisible = 0;
			defaultConfigurationName = Release;
		};
		1F2B57F41D7057D70026A944 /* Build configuration list for PBXNativeTarget "iOSProject" */ = {
			isa = XCConfigurationList;
			buildConfigurations = (
				1F2B57F51D7057D70026A944 /* Debug */,
				1F2B57F61D7057D70026A944 /* Release */,
			);
			defaultConfigurationIsVisible = 0;
			defaultConfigurationName = Release;
		};
		1F2B57F71D7057D70026A944 /* Build configuration list for PBXNativeTarget "iOSProjectTests" */ = {
			isa = XCConfigurationList;
			buildConfigurations = (
				1F2B57F81D7057D70026A944 /* Debug */,
				1F2B57F91D7057D70026A944 /* Release */,
			);
			defaultConfigurationIsVisible = 0;
			defaultConfigurationName = Release;
		};
		1F2B57FA1D7057D70026A944 /* Build configuration list for PBXNativeTarget "iOSProjectUITests" */ = {
			isa = XCConfigurationList;
			buildConfigurations = (
				1F2B57FB1D7057D70026A944 /* Debug */,
				1F2B57FC1D7057D70026A944 /* Release */,
			);
			defaultConfigurationIsVisible = 0;
			defaultConfigurationName = Release;
		};
/* End XCConfigurationList section */
	};
	rootObject = 1F2B57BF1D7057D70026A944 /* Project object */;
}
